
Microsoft Visual Studio Solution File, Format Version 12.00
# Visual Studio 2012
Project("{FAE04EC0-301F-11D3-BF4B-00C04F79EFBC}") = "Ssibir.MVC", "Ssibir.MVC\Ssibir.MVC.csproj", "{EBC5ED38-4EA5-42AD-BFA9-ABB19196E77F}"
EndProject
Project("{FAE04EC0-301F-11D3-BF4B-00C04F79EFBC}") = "Ssibir.DAL", "Ssibir.DAL\Ssibir.DAL.csproj", "{29BEBB4D-7B48-4AC0-A87E-5F851F75DFE5}"
EndProject
Project("{FAE04EC0-301F-11D3-BF4B-00C04F79EFBC}") = "Ssibir.web.Core", "Ssibir.web.Core\Ssibir.web.Core.csproj", "{74D6CAEC-8EAA-4D7A-A045-AA002D3B9A0A}"
EndProject
Global
	GlobalSection(SolutionConfigurationPlatforms) = preSolution
		Debug|Any CPU = Debug|Any CPU
		Release|Any CPU = Release|Any CPU
	EndGlobalSection
	GlobalSection(ProjectConfigurationPlatforms) = postSolution
		{EBC5ED38-4EA5-42AD-BFA9-ABB19196E77F}.Debug|Any CPU.ActiveCfg = Debug|Any CPU
		{EBC5ED38-4EA5-42AD-BFA9-ABB19196E77F}.Debug|Any CPU.Build.0 = Debug|Any CPU
		{EBC5ED38-4EA5-42AD-BFA9-ABB19196E77F}.Release|Any CPU.ActiveCfg = Release|Any CPU
		{EBC5ED38-4EA5-42AD-BFA9-ABB19196E77F}.Release|Any CPU.Build.0 = Release|Any CPU
		{29BEBB4D-7B48-4AC0-A87E-5F851F75DFE5}.Debug|Any CPU.ActiveCfg = Debug|Any CPU
		{29BEBB4D-7B48-4AC0-A87E-5F851F75DFE5}.Debug|Any CPU.Build.0 = Debug|Any CPU
		{29BEBB4D-7B48-4AC0-A87E-5F851F75DFE5}.Release|Any CPU.ActiveCfg = Release|Any CPU
		{29BEBB4D-7B48-4AC0-A87E-5F851F75DFE5}.Release|Any CPU.Build.0 = Release|Any CPU
		{74D6CAEC-8EAA-4D7A-A045-AA002D3B9A0A}.Debug|Any CPU.ActiveCfg = Debug|Any CPU
		{74D6CAEC-8EAA-4D7A-A045-AA002D3B9A0A}.Debug|Any CPU.Build.0 = Debug|Any CPU
		{74D6CAEC-8EAA-4D7A-A045-AA002D3B9A0A}.Release|Any CPU.ActiveCfg = Release|Any CPU
		{74D6CAEC-8EAA-4D7A-A045-AA002D3B9A0A}.Release|Any CPU.Build.0 = Release|Any CPU
	EndGlobalSection
	GlobalSection(SolutionProperties) = preSolution
		HideSolutionNode = FALSE
	EndGlobalSection
EndGlobal
